
Microsoft Visual Studio Solution File, Format Version 12.00
# Visual Studio Version 17
VisualStudioVersion = 17.1.32407.343
MinimumVisualStudioVersion = 10.0.40219.1
Project("{9A19103F-16F7-4668-BE54-9A1E7A4F7556}") = "JOLO_FileManager", "JOLO_FileManager\JOLO_FileManager.csproj", "{391CEE19-1479-40F5-91DA-1A9DA2FF55EA}"
EndProject
Project("{9A19103F-16F7-4668-BE54-9A1E7A4F7556}") = "FileManagerTest", "FileManagerTest\FileManagerTest.csproj", "{269C91D2-E4F0-4959-B06D-7EC7A12C603F}"
EndProject
Project("{FAE04EC0-301F-11D3-BF4B-00C04F79EFBC}") = "TestHarness", "TestHarness\TestHarness.csproj", "{3B43DAF4-D25A-468B-97BF-6CCBBBB5444C}"
EndProject
Global
	GlobalSection(SolutionConfigurationPlatforms) = preSolution
		Debug|Any CPU = Debug|Any CPU
		Release|Any CPU = Release|Any CPU
	EndGlobalSection
	GlobalSection(ProjectConfigurationPlatforms) = postSolution
		{391CEE19-1479-40F5-91DA-1A9DA2FF55EA}.Debug|Any CPU.ActiveCfg = Debug|Any CPU
		{391CEE19-1479-40F5-91DA-1A9DA2FF55EA}.Debug|Any CPU.Build.0 = Debug|Any CPU
		{391CEE19-1479-40F5-91DA-1A9DA2FF55EA}.Release|Any CPU.ActiveCfg = Release|Any CPU
		{391CEE19-1479-40F5-91DA-1A9DA2FF55EA}.Release|Any CPU.Build.0 = Release|Any CPU
		{269C91D2-E4F0-4959-B06D-7EC7A12C603F}.Debug|Any CPU.ActiveCfg = Debug|Any CPU
		{269C91D2-E4F0-4959-B06D-7EC7A12C603F}.Debug|Any CPU.Build.0 = Debug|Any CPU
		{269C91D2-E4F0-4959-B06D-7EC7A12C603F}.Release|Any CPU.ActiveCfg = Release|Any CPU
		{269C91D2-E4F0-4959-B06D-7EC7A12C603F}.Release|Any CPU.Build.0 = Release|Any CPU
		{3B43DAF4-D25A-468B-97BF-6CCBBBB5444C}.Debug|Any CPU.ActiveCfg = Debug|Any CPU
		{3B43DAF4-D25A-468B-97BF-6CCBBBB5444C}.Debug|Any CPU.Build.0 = Debug|Any CPU
		{3B43DAF4-D25A-468B-97BF-6CCBBBB5444C}.Release|Any CPU.ActiveCfg = Release|Any CPU
		{3B43DAF4-D25A-468B-97BF-6CCBBBB5444C}.Release|Any CPU.Build.0 = Release|Any CPU
	EndGlobalSection
	GlobalSection(SolutionProperties) = preSolution
		HideSolutionNode = FALSE
	EndGlobalSection
	GlobalSection(ExtensibilityGlobals) = postSolution
		SolutionGuid = {6CA7CEB9-51A7-4D70-9689-038D493E996B}
	EndGlobalSection
EndGlobal
